
Microsoft Visual Studio Solution File, Format Version 12.00
# Visual Studio Version 17
VisualStudioVersion = 17.12.35707.178
MinimumVisualStudioVersion = 10.0.40219.1
Project("{FAE04EC0-301F-11D3-BF4B-00C04F79EFBC}") = "AWC_CMS.UI", "AWC_CMS.UI\AWC_CMS.UI.csproj", "{84837FB2-B67E-41BD-8420-EC2111F1E337}"
EndProject
Project("{FAE04EC0-301F-11D3-BF4B-00C04F79EFBC}") = "AWC_CMS.Infra", "AWC_CMS.Infra\AWC_CMS.Infra.csproj", "{C6828B69-8451-4FA1-80D1-28F003C69DA3}"
EndProject
Project("{FAE04EC0-301F-11D3-BF4B-00C04F79EFBC}") = "AWC_CMS.CQRS", "AWC_CMS.CQRS\AWC_CMS.CQRS.csproj", "{CE779419-2AE7-4522-9119-650DD63CD6C8}"
EndProject
Global
	GlobalSection(SolutionConfigurationPlatforms) = preSolution
		Debug|Any CPU = Debug|Any CPU
		Release|Any CPU = Release|Any CPU
	EndGlobalSection
	GlobalSection(ProjectConfigurationPlatforms) = postSolution
		{84837FB2-B67E-41BD-8420-EC2111F1E337}.Debug|Any CPU.ActiveCfg = Debug|Any CPU
		{84837FB2-B67E-41BD-8420-EC2111F1E337}.Debug|Any CPU.Build.0 = Debug|Any CPU
		{84837FB2-B67E-41BD-8420-EC2111F1E337}.Release|Any CPU.ActiveCfg = Release|Any CPU
		{84837FB2-B67E-41BD-8420-EC2111F1E337}.Release|Any CPU.Build.0 = Release|Any CPU
		{C6828B69-8451-4FA1-80D1-28F003C69DA3}.Debug|Any CPU.ActiveCfg = Debug|Any CPU
		{C6828B69-8451-4FA1-80D1-28F003C69DA3}.Debug|Any CPU.Build.0 = Debug|Any CPU
		{C6828B69-8451-4FA1-80D1-28F003C69DA3}.Release|Any CPU.ActiveCfg = Release|Any CPU
		{C6828B69-8451-4FA1-80D1-28F003C69DA3}.Release|Any CPU.Build.0 = Release|Any CPU
		{CE779419-2AE7-4522-9119-650DD63CD6C8}.Debug|Any CPU.ActiveCfg = Debug|Any CPU
		{CE779419-2AE7-4522-9119-650DD63CD6C8}.Debug|Any CPU.Build.0 = Debug|Any CPU
		{CE779419-2AE7-4522-9119-650DD63CD6C8}.Release|Any CPU.ActiveCfg = Release|Any CPU
		{CE779419-2AE7-4522-9119-650DD63CD6C8}.Release|Any CPU.Build.0 = Release|Any CPU
	EndGlobalSection
	GlobalSection(SolutionProperties) = preSolution
		HideSolutionNode = FALSE
	EndGlobalSection
EndGlobal
